{
  "version": 4,
  "terraform_version": "1.5.7",
  "serial": 40,
  "lineage": "c1bd8dbb-df74-9dbd-9ab3-a0573e6e3162",
  "outputs": {
    "bucket_url": {
      "value": "https://dosac-bucket.https://dosac-bucket.s3.fr-par.scw.cloud",
      "type": "string"
    },
    "kubeconfig": {
      "value": {
        "cluster_ca_certificate": "LS0tLS1CRUdJTiBDRVJUSUZJQ0FURS0tLS0tCk1JSUM1ekNDQWMrZ0F3SUJBZ0lCQURBTkJna3Foa2lHOXcwQkFRc0ZBREFWTVJNd0VRWURWUVFERXdwcmRXSmwKY201bGRHVnpNQjRYRFRJMU1ESXdOekV6TkRNeE5Wb1hEVE0xTURJd056RXpORE14TlZvd0ZURVRNQkVHQTFVRQpBeE1LYTNWaVpYSnVaWFJsY3pDQ0FTSXdEUVlKS29aSWh2Y05BUUVCQlFBRGdnRVBBRENDQVFvQ2dnRUJBSi9QCjNPaXdIaTQrdEJJZWpyN2N1NFJKQzJSYkZ5bjVqVElDd3E0cy9MQTlvZmhaME95Y25VN05vOFRhS0ZHSDErVEIKYVNuN3RDdWlqSnl5Q2xaU2dRTkhqMzJJREl3SW5zSWxFdW43OUh3OXBrRTZGM3VZWGwzT0tsN3IyN2hBdjNvUQpOekV0Mm5PRnNVZDA0elZSak9tM2d5dUJ0VkNBam5NWnJKRFJTcWtBcmkxNmpTei9oeFdiR2RCVUFBd3ZCQ0RzCmtSSTZPWlNGTERHQlk4UDA2dGtsTVM3WndOR2srQXhFY1A2RDFmTjZzamVVM3VwYzZrQVhpa1lpdHZwcTRML2QKZTE1Y2pEcFRKQXBySHo1M09QMVJwQUJWNm9YQmRicFF2R0ZYTDIxNTAzOXhnUmEranE1Zmo3NUljRndMaUd3Mwp4ZTZ2K3BUclJOVkxXZzErNEM4Q0F3RUFBYU5DTUVBd0RnWURWUjBQQVFIL0JBUURBZ0trTUE4R0ExVWRFd0VCCi93UUZNQU1CQWY4d0hRWURWUjBPQkJZRUZNR1pnZHNkY3V4S0Y1dzA0d1RaMFBDU3p1VjFNQTBHQ1NxR1NJYjMKRFFFQkN3VUFBNElCQVFDWnNSL2YrTnd3WFUyQ0VMbVVkZjRoN1IzOEpOMkpLNWROWm1vVVFFU2xsaWdsRlN2MApCSHNYUEVRcC9tQ2ViMGZFM3hiRHlYYlRVRXkzNTh2QnkwUHdXbWRnbUsycjdqWWJTQ1BwYjB1bHhTMDJaMWNHCmp4a0RHMXFnTnZCNmg5d0hsV09pNncxQlkzOC8zT1hOWC9FQ01ZV0xmVlVqcDlWZUc0NkVveUtIU1dlZ3BtZlYKNHRFZStraFllMmFxaUVFT0xobG12SzNUL3czbmZTU3E3TWxYYWFjWFhZb2Z1eXB0TUV4bDBwTy9UenVDL29MdgowZjRvblZYaTcwSmlqdUtGNmhoVFUzQk00TDh0d1l0bEZoZVVtNmF4ZE81RDRsQmxRek1QY0lpUkNaR1l0M2JiCnZSYkJOa2NyMWFxTWg2Lzl6NitIODdJRTZTMFJzV1RqS1B6eAotLS0tLUVORCBDRVJUSUZJQ0FURS0tLS0tCg==",
        "config_file": "apiVersion: v1\nclusters:\n- name: \"dosac-k8s-cluster\"\n  cluster:\n    certificate-authority-data: LS0tLS1CRUdJTiBDRVJUSUZJQ0FURS0tLS0tCk1JSUM1ekNDQWMrZ0F3SUJBZ0lCQURBTkJna3Foa2lHOXcwQkFRc0ZBREFWTVJNd0VRWURWUVFERXdwcmRXSmwKY201bGRHVnpNQjRYRFRJMU1ESXdOekV6TkRNeE5Wb1hEVE0xTURJd056RXpORE14TlZvd0ZURVRNQkVHQTFVRQpBeE1LYTNWaVpYSnVaWFJsY3pDQ0FTSXdEUVlKS29aSWh2Y05BUUVCQlFBRGdnRVBBRENDQVFvQ2dnRUJBSi9QCjNPaXdIaTQrdEJJZWpyN2N1NFJKQzJSYkZ5bjVqVElDd3E0cy9MQTlvZmhaME95Y25VN05vOFRhS0ZHSDErVEIKYVNuN3RDdWlqSnl5Q2xaU2dRTkhqMzJJREl3SW5zSWxFdW43OUh3OXBrRTZGM3VZWGwzT0tsN3IyN2hBdjNvUQpOekV0Mm5PRnNVZDA0elZSak9tM2d5dUJ0VkNBam5NWnJKRFJTcWtBcmkxNmpTei9oeFdiR2RCVUFBd3ZCQ0RzCmtSSTZPWlNGTERHQlk4UDA2dGtsTVM3WndOR2srQXhFY1A2RDFmTjZzamVVM3VwYzZrQVhpa1lpdHZwcTRML2QKZTE1Y2pEcFRKQXBySHo1M09QMVJwQUJWNm9YQmRicFF2R0ZYTDIxNTAzOXhnUmEranE1Zmo3NUljRndMaUd3Mwp4ZTZ2K3BUclJOVkxXZzErNEM4Q0F3RUFBYU5DTUVBd0RnWURWUjBQQVFIL0JBUURBZ0trTUE4R0ExVWRFd0VCCi93UUZNQU1CQWY4d0hRWURWUjBPQkJZRUZNR1pnZHNkY3V4S0Y1dzA0d1RaMFBDU3p1VjFNQTBHQ1NxR1NJYjMKRFFFQkN3VUFBNElCQVFDWnNSL2YrTnd3WFUyQ0VMbVVkZjRoN1IzOEpOMkpLNWROWm1vVVFFU2xsaWdsRlN2MApCSHNYUEVRcC9tQ2ViMGZFM3hiRHlYYlRVRXkzNTh2QnkwUHdXbWRnbUsycjdqWWJTQ1BwYjB1bHhTMDJaMWNHCmp4a0RHMXFnTnZCNmg5d0hsV09pNncxQlkzOC8zT1hOWC9FQ01ZV0xmVlVqcDlWZUc0NkVveUtIU1dlZ3BtZlYKNHRFZStraFllMmFxaUVFT0xobG12SzNUL3czbmZTU3E3TWxYYWFjWFhZb2Z1eXB0TUV4bDBwTy9UenVDL29MdgowZjRvblZYaTcwSmlqdUtGNmhoVFUzQk00TDh0d1l0bEZoZVVtNmF4ZE81RDRsQmxRek1QY0lpUkNaR1l0M2JiCnZSYkJOa2NyMWFxTWg2Lzl6NitIODdJRTZTMFJzV1RqS1B6eAotLS0tLUVORCBDRVJUSUZJQ0FURS0tLS0tCg==\n    server: https://a2026124-374a-48b1-a3a4-4f13c10cd3e8.api.k8s.fr-par.scw.cloud:6443\ncontexts:\n- name: admin@dosac-k8s-cluster\n  context:\n    cluster: \"dosac-k8s-cluster\"\n    user: dosac-k8s-cluster-admin\ncurrent-context: admin@dosac-k8s-cluster\nkind: Config\npreferences: {}\nusers:\n- name: dosac-k8s-cluster-admin\n  user:\n    token: K96aqO4SLsiuykyKWBW2hC53ZxYo3060EPTSvRsSZkS2AKDzSjDgt9ix",
        "host": "https://a2026124-374a-48b1-a3a4-4f13c10cd3e8.api.k8s.fr-par.scw.cloud:6443",
        "token": "K96aqO4SLsiuykyKWBW2hC53ZxYo3060EPTSvRsSZkS2AKDzSjDgt9ix"
      },
      "type": [
        "object",
        {
          "cluster_ca_certificate": "string",
          "config_file": "string",
          "host": "string",
          "token": "string"
        }
      ],
      "sensitive": true
    },
    "registry_endpoint": {
      "value": "rg.nl-ams.scw.cloud/docker-registry",
      "type": "string"
    },
    "registry_name": {
      "value": "docker-registry",
      "type": "string"
    }
  },
  "resources": [
    {
      "mode": "managed",
      "type": "scaleway_k8s_cluster",
      "name": "k8s-cluster",
      "provider": "provider[\"registry.terraform.io/scaleway/scaleway\"]",
      "instances": [
        {
          "schema_version": 0,
          "attributes": {
            "admission_plugins": [],
            "apiserver_cert_sans": [],
            "apiserver_url": "https://a2026124-374a-48b1-a3a4-4f13c10cd3e8.api.k8s.fr-par.scw.cloud:6443",
            "auto_upgrade": [
              {
                "enable": false,
                "maintenance_window_day": "any",
                "maintenance_window_start_hour": 0
              }
            ],
            "autoscaler_config": [
              {
                "balance_similar_node_groups": false,
                "disable_scale_down": false,
                "estimator": "binpacking",
                "expander": "random",
                "expendable_pods_priority_cutoff": 0,
                "ignore_daemonsets_utilization": false,
                "max_graceful_termination_sec": 0,
                "scale_down_delay_after_add": "10m",
                "scale_down_unneeded_time": "10m",
                "scale_down_utilization_threshold": 0.5
              }
            ],
            "cni": "cilium",
            "created_at": "2025-02-08T13:43:10Z",
            "delete_additional_resources": false,
            "description": "",
            "feature_gates": [],
            "id": "fr-par/a2026124-374a-48b1-a3a4-4f13c10cd3e8",
            "kubeconfig": [
              {
                "cluster_ca_certificate": "LS0tLS1CRUdJTiBDRVJUSUZJQ0FURS0tLS0tCk1JSUM1ekNDQWMrZ0F3SUJBZ0lCQURBTkJna3Foa2lHOXcwQkFRc0ZBREFWTVJNd0VRWURWUVFERXdwcmRXSmwKY201bGRHVnpNQjRYRFRJMU1ESXdOekV6TkRNeE5Wb1hEVE0xTURJd056RXpORE14TlZvd0ZURVRNQkVHQTFVRQpBeE1LYTNWaVpYSnVaWFJsY3pDQ0FTSXdEUVlKS29aSWh2Y05BUUVCQlFBRGdnRVBBRENDQVFvQ2dnRUJBSi9QCjNPaXdIaTQrdEJJZWpyN2N1NFJKQzJSYkZ5bjVqVElDd3E0cy9MQTlvZmhaME95Y25VN05vOFRhS0ZHSDErVEIKYVNuN3RDdWlqSnl5Q2xaU2dRTkhqMzJJREl3SW5zSWxFdW43OUh3OXBrRTZGM3VZWGwzT0tsN3IyN2hBdjNvUQpOekV0Mm5PRnNVZDA0elZSak9tM2d5dUJ0VkNBam5NWnJKRFJTcWtBcmkxNmpTei9oeFdiR2RCVUFBd3ZCQ0RzCmtSSTZPWlNGTERHQlk4UDA2dGtsTVM3WndOR2srQXhFY1A2RDFmTjZzamVVM3VwYzZrQVhpa1lpdHZwcTRML2QKZTE1Y2pEcFRKQXBySHo1M09QMVJwQUJWNm9YQmRicFF2R0ZYTDIxNTAzOXhnUmEranE1Zmo3NUljRndMaUd3Mwp4ZTZ2K3BUclJOVkxXZzErNEM4Q0F3RUFBYU5DTUVBd0RnWURWUjBQQVFIL0JBUURBZ0trTUE4R0ExVWRFd0VCCi93UUZNQU1CQWY4d0hRWURWUjBPQkJZRUZNR1pnZHNkY3V4S0Y1dzA0d1RaMFBDU3p1VjFNQTBHQ1NxR1NJYjMKRFFFQkN3VUFBNElCQVFDWnNSL2YrTnd3WFUyQ0VMbVVkZjRoN1IzOEpOMkpLNWROWm1vVVFFU2xsaWdsRlN2MApCSHNYUEVRcC9tQ2ViMGZFM3hiRHlYYlRVRXkzNTh2QnkwUHdXbWRnbUsycjdqWWJTQ1BwYjB1bHhTMDJaMWNHCmp4a0RHMXFnTnZCNmg5d0hsV09pNncxQlkzOC8zT1hOWC9FQ01ZV0xmVlVqcDlWZUc0NkVveUtIU1dlZ3BtZlYKNHRFZStraFllMmFxaUVFT0xobG12SzNUL3czbmZTU3E3TWxYYWFjWFhZb2Z1eXB0TUV4bDBwTy9UenVDL29MdgowZjRvblZYaTcwSmlqdUtGNmhoVFUzQk00TDh0d1l0bEZoZVVtNmF4ZE81RDRsQmxRek1QY0lpUkNaR1l0M2JiCnZSYkJOa2NyMWFxTWg2Lzl6NitIODdJRTZTMFJzV1RqS1B6eAotLS0tLUVORCBDRVJUSUZJQ0FURS0tLS0tCg==",
                "config_file": "apiVersion: v1\nclusters:\n- name: \"dosac-k8s-cluster\"\n  cluster:\n    certificate-authority-data: LS0tLS1CRUdJTiBDRVJUSUZJQ0FURS0tLS0tCk1JSUM1ekNDQWMrZ0F3SUJBZ0lCQURBTkJna3Foa2lHOXcwQkFRc0ZBREFWTVJNd0VRWURWUVFERXdwcmRXSmwKY201bGRHVnpNQjRYRFRJMU1ESXdOekV6TkRNeE5Wb1hEVE0xTURJd056RXpORE14TlZvd0ZURVRNQkVHQTFVRQpBeE1LYTNWaVpYSnVaWFJsY3pDQ0FTSXdEUVlKS29aSWh2Y05BUUVCQlFBRGdnRVBBRENDQVFvQ2dnRUJBSi9QCjNPaXdIaTQrdEJJZWpyN2N1NFJKQzJSYkZ5bjVqVElDd3E0cy9MQTlvZmhaME95Y25VN05vOFRhS0ZHSDErVEIKYVNuN3RDdWlqSnl5Q2xaU2dRTkhqMzJJREl3SW5zSWxFdW43OUh3OXBrRTZGM3VZWGwzT0tsN3IyN2hBdjNvUQpOekV0Mm5PRnNVZDA0elZSak9tM2d5dUJ0VkNBam5NWnJKRFJTcWtBcmkxNmpTei9oeFdiR2RCVUFBd3ZCQ0RzCmtSSTZPWlNGTERHQlk4UDA2dGtsTVM3WndOR2srQXhFY1A2RDFmTjZzamVVM3VwYzZrQVhpa1lpdHZwcTRML2QKZTE1Y2pEcFRKQXBySHo1M09QMVJwQUJWNm9YQmRicFF2R0ZYTDIxNTAzOXhnUmEranE1Zmo3NUljRndMaUd3Mwp4ZTZ2K3BUclJOVkxXZzErNEM4Q0F3RUFBYU5DTUVBd0RnWURWUjBQQVFIL0JBUURBZ0trTUE4R0ExVWRFd0VCCi93UUZNQU1CQWY4d0hRWURWUjBPQkJZRUZNR1pnZHNkY3V4S0Y1dzA0d1RaMFBDU3p1VjFNQTBHQ1NxR1NJYjMKRFFFQkN3VUFBNElCQVFDWnNSL2YrTnd3WFUyQ0VMbVVkZjRoN1IzOEpOMkpLNWROWm1vVVFFU2xsaWdsRlN2MApCSHNYUEVRcC9tQ2ViMGZFM3hiRHlYYlRVRXkzNTh2QnkwUHdXbWRnbUsycjdqWWJTQ1BwYjB1bHhTMDJaMWNHCmp4a0RHMXFnTnZCNmg5d0hsV09pNncxQlkzOC8zT1hOWC9FQ01ZV0xmVlVqcDlWZUc0NkVveUtIU1dlZ3BtZlYKNHRFZStraFllMmFxaUVFT0xobG12SzNUL3czbmZTU3E3TWxYYWFjWFhZb2Z1eXB0TUV4bDBwTy9UenVDL29MdgowZjRvblZYaTcwSmlqdUtGNmhoVFUzQk00TDh0d1l0bEZoZVVtNmF4ZE81RDRsQmxRek1QY0lpUkNaR1l0M2JiCnZSYkJOa2NyMWFxTWg2Lzl6NitIODdJRTZTMFJzV1RqS1B6eAotLS0tLUVORCBDRVJUSUZJQ0FURS0tLS0tCg==\n    server: https://a2026124-374a-48b1-a3a4-4f13c10cd3e8.api.k8s.fr-par.scw.cloud:6443\ncontexts:\n- name: admin@dosac-k8s-cluster\n  context:\n    cluster: \"dosac-k8s-cluster\"\n    user: dosac-k8s-cluster-admin\ncurrent-context: admin@dosac-k8s-cluster\nkind: Config\npreferences: {}\nusers:\n- name: dosac-k8s-cluster-admin\n  user:\n    token: K96aqO4SLsiuykyKWBW2hC53ZxYo3060EPTSvRsSZkS2AKDzSjDgt9ix",
                "host": "https://a2026124-374a-48b1-a3a4-4f13c10cd3e8.api.k8s.fr-par.scw.cloud:6443",
                "token": "K96aqO4SLsiuykyKWBW2hC53ZxYo3060EPTSvRsSZkS2AKDzSjDgt9ix"
              }
            ],
            "name": "dosac-k8s-cluster",
            "open_id_connect_config": [
              {
                "client_id": "",
                "groups_claim": [],
                "groups_prefix": "",
                "issuer_url": "",
                "required_claim": [],
                "username_claim": "",
                "username_prefix": ""
              }
            ],
            "organization_id": "2e4b8a12-3a3e-4b30-b3eb-e33e61dc132f",
            "private_network_id": "329f7db6-31d6-4353-bcf6-edd2a5590f42",
            "project_id": "2e4b8a12-3a3e-4b30-b3eb-e33e61dc132f",
            "region": "fr-par",
            "status": "ready",
            "tags": [],
            "timeouts": null,
            "type": "kapsule",
            "updated_at": "2025-02-08T13:45:41Z",
            "upgrade_available": false,
            "version": "1.31.2",
            "wildcard_dns": "*.a2026124-374a-48b1-a3a4-4f13c10cd3e8.nodes.k8s.fr-par.scw.cloud"
          },
          "sensitive_attributes": [],
          "private": "eyJlMmJmYjczMC1lY2FhLTExZTYtOGY4OC0zNDM2M2JjN2M0YzAiOnsiY3JlYXRlIjo5MDAwMDAwMDAwMDAsImRlZmF1bHQiOjkwMDAwMDAwMDAwMCwiZGVsZXRlIjo5MDAwMDAwMDAwMDAsInJlYWQiOjkwMDAwMDAwMDAwMCwidXBkYXRlIjo5MDAwMDAwMDAwMDB9fQ==",
          "dependencies": [
            "scaleway_vpc_private_network.vpc"
          ]
        }
      ]
    },
    {
      "mode": "managed",
      "type": "scaleway_k8s_pool",
      "name": "pool",
      "provider": "provider[\"registry.terraform.io/scaleway/scaleway\"]",
      "instances": [
        {
          "schema_version": 0,
          "attributes": {
            "autohealing": true,
            "autoscaling": false,
            "cluster_id": "fr-par/a2026124-374a-48b1-a3a4-4f13c10cd3e8",
            "container_runtime": "containerd",
            "created_at": "2025-02-08T13:43:21Z",
            "current_size": 2,
            "id": "fr-par/a0141ef2-76fa-44be-b074-f6433b895be3",
            "kubelet_args": {},
            "max_size": 2,
            "min_size": 1,
            "name": "dosac-k8-pool",
            "node_type": "dev1_m",
            "nodes": [
              {
                "name": "scw-dosac-k8s-cluster-dosac-k8-pool-e7df37709e",
                "public_ip": "51.15.230.92",
                "public_ip_v6": "",
                "status": "ready"
              },
              {
                "name": "scw-dosac-k8s-cluster-dosac-k8-pool-54d90eba1e",
                "public_ip": "51.158.107.81",
                "public_ip_v6": "",
                "status": "ready"
              }
            ],
            "placement_group_id": null,
            "public_ip_disabled": false,
            "region": "fr-par",
            "root_volume_size_in_gb": 40,
            "root_volume_type": "l_ssd",
            "size": 2,
            "status": "ready",
            "tags": [
              "example",
              "k8s"
            ],
            "timeouts": null,
            "updated_at": "2025-02-08T13:50:17Z",
            "upgrade_policy": [
              {
                "max_surge": 0,
                "max_unavailable": 1
              }
            ],
            "version": "1.31.2",
            "wait_for_pool_ready": true,
            "zone": "fr-par-1"
          },
          "sensitive_attributes": [],
          "private": "eyJlMmJmYjczMC1lY2FhLTExZTYtOGY4OC0zNDM2M2JjN2M0YzAiOnsiY3JlYXRlIjoxODAwMDAwMDAwMDAwLCJkZWZhdWx0IjoxODAwMDAwMDAwMDAwLCJkZWxldGUiOjE4MDAwMDAwMDAwMDAsInJlYWQiOjE4MDAwMDAwMDAwMDAsInVwZGF0ZSI6MTgwMDAwMDAwMDAwMH19",
          "dependencies": [
            "scaleway_k8s_cluster.k8s-cluster",
            "scaleway_vpc_private_network.vpc"
          ]
        }
      ]
    },
    {
      "mode": "managed",
      "type": "scaleway_object_bucket",
      "name": "bucket",
      "provider": "provider[\"registry.terraform.io/scaleway/scaleway\"]",
      "instances": [
        {
          "schema_version": 0,
          "attributes": {
            "acl": "private",
            "api_endpoint": "https://s3.fr-par.scw.cloud",
            "cors_rule": [],
            "endpoint": "https://dosac-bucket.s3.fr-par.scw.cloud",
            "force_destroy": false,
            "id": "fr-par/dosac-bucket",
            "lifecycle_rule": [],
            "name": "dosac-bucket",
            "object_lock_enabled": false,
            "project_id": "2e4b8a12-3a3e-4b30-b3eb-e33e61dc132f",
            "region": "fr-par",
            "tags": {},
            "timeouts": null,
            "versioning": [
              {
                "enabled": false
              }
            ]
          },
          "sensitive_attributes": [],
          "private": "eyJlMmJmYjczMC1lY2FhLTExZTYtOGY4OC0zNDM2M2JjN2M0YzAiOnsiY3JlYXRlIjo2MDAwMDAwMDAwMDAsImRlZmF1bHQiOjYwMDAwMDAwMDAwMCwiZGVsZXRlIjo2MDAwMDAwMDAwMDAsInJlYWQiOjYwMDAwMDAwMDAwMCwidXBkYXRlIjo2MDAwMDAwMDAwMDB9fQ=="
        }
      ]
    },
    {
      "mode": "managed",
      "type": "scaleway_rdb_database",
      "name": "main",
      "provider": "provider[\"registry.terraform.io/scaleway/scaleway\"]",
      "instances": [
        {
          "schema_version": 0,
          "attributes": {
            "id": "fr-par/580af7ad-e0ab-4ed5-8476-62fc025d7aa4/dosac-database",
            "instance_id": "fr-par/580af7ad-e0ab-4ed5-8476-62fc025d7aa4",
            "managed": true,
            "name": "dosac-database",
            "owner": "_rdb_superadmin",
            "region": "fr-par",
            "size": "7713583",
            "timeouts": null
          },
          "sensitive_attributes": [],
          "private": "eyJlMmJmYjczMC1lY2FhLTExZTYtOGY4OC0zNDM2M2JjN2M0YzAiOnsiY3JlYXRlIjoxODAwMDAwMDAwMDAwLCJkZWZhdWx0IjoxODAwMDAwMDAwMDAwLCJkZWxldGUiOjE4MDAwMDAwMDAwMDAsInJlYWQiOjE4MDAwMDAwMDAwMDAsInVwZGF0ZSI6MTgwMDAwMDAwMDAwMH19",
          "dependencies": [
            "scaleway_rdb_instance.main"
          ]
        }
      ]
    },
    {
      "mode": "managed",
      "type": "scaleway_rdb_instance",
      "name": "main",
      "provider": "provider[\"registry.terraform.io/scaleway/scaleway\"]",
      "instances": [
        {
          "schema_version": 0,
          "attributes": {
            "backup_same_region": false,
            "backup_schedule_frequency": 24,
            "backup_schedule_retention": 7,
            "certificate": "-----BEGIN CERTIFICATE-----\nMIID/DCCAuSgAwIBAgIUIBHxCh5VBzNFEO5QRgtTQ4k+5oswDQYJKoZIhvcNAQEL\nBQAwWDELMAkGA1UEBhMCRlIxDjAMBgNVBAgMBVBhcmlzMQ4wDAYDVQQHDAVQYXJp\nczERMA8GA1UECgwIU2NhbGV3YXkxFjAUBgNVBAMMDTE5NS4xNTQuNzAuMzQwHhcN\nMjUwMjA4MTM0NzExWhcNMzUwMjA2MTM0NzExWjBYMQswCQYDVQQGEwJGUjEOMAwG\nA1UECAwFUGFyaXMxDjAMBgNVBAcMBVBhcmlzMREwDwYDVQQKDAhTY2FsZXdheTEW\nMBQGA1UEAwwNMTk1LjE1NC43MC4zNDCCASIwDQYJKoZIhvcNAQEBBQADggEPADCC\nAQoCggEBAJdYsUR6zmVOV47t86rF2OlJxfHwwo5/d5gXMAL4Bc7BKh7Q1SELP16/\n/BdaAwTJDFh7DI8AueVTRF0FApcx9zXEymIgX8bcZbiWdTkeMiQ+cpEINGd5fL5d\nrVJUWhlfSnHNbRhfWIV6VIGc399ThnUWj5fmtKbfne71MtXuM2e27LhUj+a6Tn3S\nG//YDslFiBr4Z4LzauNQpLYKwmqmCQs0eCMrgPeAYS0yC6Yo6FXqdXsaL3rrSkaB\nh73enW1du8ZDaEXoB8VrgBV8bGqw/4mJ+2ltObqUrsQJM+NuRIo4BMO66pXEVY9S\niGW99N04s2a6yjmdFmMcoY9kSJtZ1pUCAwEAAaOBvTCBujCBtwYDVR0RBIGvMIGs\ngg0xOTUuMTU0LjcwLjM0gjxydy01ODBhZjdhZC1lMGFiLTRlZDUtODQ3Ni02MmZj\nMDI1ZDdhYTQucmRiLmZyLXBhci5zY3cuY2xvdWSCDTE5NS4xNTQuNzAuMzSCPHJ3\nLTU4MGFmN2FkLWUwYWItNGVkNS04NDc2LTYyZmMwMjVkN2FhNC5yZGIuZnItcGFy\nLnNjdy5jbG91ZIcEo6y19ocEw5pGIocEw5pGIjANBgkqhkiG9w0BAQsFAAOCAQEA\nK+TJSiao/sywaMUbQF+R3NxceY53TRJ/xWgsYfzXij+U04kBua8ZceEEEZEQoMJz\nGFaf2cKl/fA8huCAWIbMZsq7iILn2eFeVR/kVgFDZYMmVT10Mgy/ik6IY7FYCQ/I\n9n8efHo91YK8wXfvVcFuQeSK7JDDl3BEyIVc0OZ2+cndgFaQmwMOmbC6HKsdXLqt\nQ8KoheR0pkOqVFX6LkkTOlZZMJyMyUT3LwVkal/XS1cKUtZcrd5nbMfzQN23Z2Wf\nsDO0+zz33GJd8xw/0C9h/xtK2hpVZBPFqzUMX3rsVPLN4XxePABJOEhAFU6By7B5\nt/+6VHuvBAzkwOjm9Gk6pw==\n-----END CERTIFICATE-----\n",
            "disable_backup": true,
            "endpoint_ip": "195.154.70.34",
            "endpoint_port": 19297,
            "engine": "PostgreSQL-15",
            "id": "fr-par/580af7ad-e0ab-4ed5-8476-62fc025d7aa4",
            "init_settings": {},
            "is_ha_cluster": false,
            "load_balancer": [
              {
                "endpoint_id": "b5d18101-e815-429a-880c-f3b13b2cd4f0",
                "hostname": "",
                "ip": "195.154.70.34",
                "name": "",
                "port": 19297
              }
            ],
            "logs_policy": [
              {
                "max_age_retention": 30,
                "total_disk_retention": 0
              }
            ],
            "name": "postgres",
            "node_type": "db-dev-s",
            "organization_id": "2e4b8a12-3a3e-4b30-b3eb-e33e61dc132f",
            "password": "Postgres123!",
            "private_network": [],
            "project_id": "2e4b8a12-3a3e-4b30-b3eb-e33e61dc132f",
            "read_replicas": [],
            "region": "fr-par",
            "settings": {
              "effective_cache_size": "1300",
              "maintenance_work_mem": "150",
              "max_connections": "100",
              "max_parallel_workers": "0",
              "max_parallel_workers_per_gather": "0",
              "work_mem": "4"
            },
            "tags": [],
            "timeouts": null,
            "user_name": "postgres123",
            "volume_size_in_gb": 5,
            "volume_type": "lssd"
          },
          "sensitive_attributes": [
            [
              {
                "type": "get_attr",
                "value": "password"
              }
            ]
          ],
          "private": "eyJlMmJmYjczMC1lY2FhLTExZTYtOGY4OC0zNDM2M2JjN2M0YzAiOnsiY3JlYXRlIjoxODAwMDAwMDAwMDAwLCJkZWZhdWx0IjoxODAwMDAwMDAwMDAwLCJkZWxldGUiOjE4MDAwMDAwMDAwMDAsInJlYWQiOjE4MDAwMDAwMDAwMDAsInVwZGF0ZSI6MTgwMDAwMDAwMDAwMH19"
        }
      ]
    },
    {
      "mode": "managed",
      "type": "scaleway_vpc_private_network",
      "name": "vpc",
      "provider": "provider[\"registry.terraform.io/scaleway/scaleway\"]",
      "instances": [
        {
          "schema_version": 1,
          "attributes": {
            "created_at": "2025-02-08T13:43:08Z",
            "id": "fr-par/329f7db6-31d6-4353-bcf6-edd2a5590f42",
            "ipv4_subnet": [
              {
                "address": "172.16.12.0",
                "created_at": "2025-02-08T13:43:08Z",
                "id": "e4d9e097-d4a5-4d21-a6e5-5f8b2b827605",
                "prefix_length": 22,
                "subnet": "172.16.12.0/22",
                "subnet_mask": "255.255.252.0",
                "updated_at": "2025-02-08T13:43:08Z"
              }
            ],
            "ipv6_subnets": [
              {
                "address": "fddf:a72a:1b18:cf21::",
                "created_at": "2025-02-08T13:43:08Z",
                "id": "30cb896b-acdd-4667-be23-01b12423db21",
                "prefix_length": 64,
                "subnet": "fddf:a72a:1b18:cf21::/64",
                "subnet_mask": "255.255.255.255.255.255.255.255.0.0.0.0.0.0.0.0",
                "updated_at": "2025-02-08T13:43:08Z"
              }
            ],
            "is_regional": true,
            "name": "dosac-vpc",
            "organization_id": "2e4b8a12-3a3e-4b30-b3eb-e33e61dc132f",
            "project_id": "2e4b8a12-3a3e-4b30-b3eb-e33e61dc132f",
            "region": "fr-par",
            "tags": [],
            "updated_at": "2025-02-08T13:43:08Z",
            "vpc_id": "fr-par/334608e3-246e-48bc-bd13-6eab155e28be",
            "zone": "fr-par-1"
          },
          "sensitive_attributes": [],
          "private": "eyJzY2hlbWFfdmVyc2lvbiI6IjEifQ=="
        }
      ]
    }
  ],
  "check_results": null
}
