{
  "version": 4,
  "terraform_version": "1.5.7",
  "serial": 6,
  "lineage": "c1bd8dbb-df74-9dbd-9ab3-a0573e6e3162",
  "outputs": {
    "registry_endpoint": {
      "value": "rg.nl-ams.scw.cloud/docker-registry",
      "type": "string"
    },
    "registry_name": {
      "value": "docker-registry",
      "type": "string"
    }
  },
  "resources": [
    {
      "mode": "managed",
      "type": "scaleway_rdb_database",
      "name": "main",
      "provider": "provider[\"registry.terraform.io/scaleway/scaleway\"]",
      "instances": []
    },
    {
      "mode": "managed",
      "type": "scaleway_registry_namespace",
      "name": "docker-registry",
      "provider": "provider[\"registry.terraform.io/scaleway/scaleway\"]",
      "instances": [
        {
          "schema_version": 0,
          "attributes": {
            "description": "",
            "endpoint": "rg.nl-ams.scw.cloud/docker-registry",
            "id": "nl-ams/a50d302e-4de5-4f69-aee0-5ed36935f8c6",
            "is_public": false,
            "name": "docker-registry",
            "organization_id": "2e4b8a12-3a3e-4b30-b3eb-e33e61dc132f",
            "project_id": "2e4b8a12-3a3e-4b30-b3eb-e33e61dc132f",
            "region": "nl-ams",
            "timeouts": null
          },
          "sensitive_attributes": [],
          "private": "eyJlMmJmYjczMC1lY2FhLTExZTYtOGY4OC0zNDM2M2JjN2M0YzAiOnsiY3JlYXRlIjozMDAwMDAwMDAwMDAsImRlZmF1bHQiOjMwMDAwMDAwMDAwMCwiZGVsZXRlIjozMDAwMDAwMDAwMDAsInJlYWQiOjMwMDAwMDAwMDAwMCwidXBkYXRlIjozMDAwMDAwMDAwMDB9fQ=="
        }
      ]
    }
  ],
  "check_results": null
}
